
Microsoft Visual Studio Solution File, Format Version 12.00
# Visual Studio 2013
VisualStudioVersion = 12.0.40629.0
MinimumVisualStudioVersion = 10.0.40219.1
Project("{FAE04EC0-301F-11D3-BF4B-00C04F79EFBC}") = "SisKop.web", "SisKop.web\SisKop.web.csproj", "{BBA8AA16-FB21-41FE-ACD9-83EB52B76BA8}"
EndProject
Project("{FAE04EC0-301F-11D3-BF4B-00C04F79EFBC}") = "SisKop.lib", "SisKop.lib\SisKop.lib.csproj", "{87E4E2CC-6F88-45B0-94B4-4554DDDC0DB6}"
EndProject
Global
	GlobalSection(SolutionConfigurationPlatforms) = preSolution
		Debug|Any CPU = Debug|Any CPU
		Release|Any CPU = Release|Any CPU
	EndGlobalSection
	GlobalSection(ProjectConfigurationPlatforms) = postSolution
		{BBA8AA16-FB21-41FE-ACD9-83EB52B76BA8}.Debug|Any CPU.ActiveCfg = Debug|Any CPU
		{BBA8AA16-FB21-41FE-ACD9-83EB52B76BA8}.Debug|Any CPU.Build.0 = Debug|Any CPU
		{BBA8AA16-FB21-41FE-ACD9-83EB52B76BA8}.Release|Any CPU.ActiveCfg = Release|Any CPU
		{BBA8AA16-FB21-41FE-ACD9-83EB52B76BA8}.Release|Any CPU.Build.0 = Release|Any CPU
		{87E4E2CC-6F88-45B0-94B4-4554DDDC0DB6}.Debug|Any CPU.ActiveCfg = Debug|Any CPU
		{87E4E2CC-6F88-45B0-94B4-4554DDDC0DB6}.Debug|Any CPU.Build.0 = Debug|Any CPU
		{87E4E2CC-6F88-45B0-94B4-4554DDDC0DB6}.Release|Any CPU.ActiveCfg = Release|Any CPU
		{87E4E2CC-6F88-45B0-94B4-4554DDDC0DB6}.Release|Any CPU.Build.0 = Release|Any CPU
	EndGlobalSection
	GlobalSection(SolutionProperties) = preSolution
		HideSolutionNode = FALSE
	EndGlobalSection
EndGlobal
